
Microsoft Visual Studio Solution File, Format Version 12.00
# Visual Studio Version 17
VisualStudioVersion = 17.0.31903.59
MinimumVisualStudioVersion = 10.0.40219.1
Project("{2150E333-8FDC-42A3-9474-1A3956D46DE8}") = "src", "src", "{827E0CD3-B72D-47B6-A68D-7590B98EB39B}"
EndProject
Project("{FAE04EC0-301F-11D3-BF4B-00C04F79EFBC}") = "StorageFileApp.SharedKernel", "src\StorageFileApp.SharedKernel\StorageFileApp.SharedKernel.csproj", "{A1B2C3D4-E5F6-7890-ABCD-EF1234567890}"
EndProject
Project("{FAE04EC0-301F-11D3-BF4B-00C04F79EFBC}") = "StorageFileApp.Domain", "src\StorageFileApp.Domain\StorageFileApp.Domain.csproj", "{3F4B504B-9195-4F77-8AAF-B1D4469E32C3}"
EndProject
Project("{FAE04EC0-301F-11D3-BF4B-00C04F79EFBC}") = "StorageFileApp.Application", "src\StorageFileApp.Application\StorageFileApp.Application.csproj", "{EB092B41-88DF-4A25-9373-C25A1BF2ED89}"
EndProject
Project("{FAE04EC0-301F-11D3-BF4B-00C04F79EFBC}") = "StorageFileApp.Infrastructure", "src\StorageFileApp.Infrastructure\StorageFileApp.Infrastructure.csproj", "{15CB75F1-616A-43BA-AA2C-33EDFA8EAB49}"
EndProject
Project("{FAE04EC0-301F-11D3-BF4B-00C04F79EFBC}") = "StorageFileApp.Console", "src\StorageFileApp.Console\StorageFileApp.Console.csproj", "{8417FA52-C446-458E-851A-991EB42154CF}"
EndProject
Project("{2150E333-8FDC-42A3-9474-1A3956D46DE8}") = "tests", "tests", "{0AB3BF05-4346-4AA6-1389-037BE0695223}"
EndProject
Project("{FAE04EC0-301F-11D3-BF4B-00C04F79EFBC}") = "StorageFileApp.Domain.Tests", "tests\StorageFileApp.Domain.Tests\StorageFileApp.Domain.Tests.csproj", "{9545CFD3-AE11-40F4-9AD3-4F3D524EF85B}"
EndProject
Project("{FAE04EC0-301F-11D3-BF4B-00C04F79EFBC}") = "StorageFileApp.Application.Tests", "tests\StorageFileApp.Application.Tests\StorageFileApp.Application.Tests.csproj", "{CBD8C2D2-5886-4D49-8D99-57BEA74EED68}"
EndProject
Project("{FAE04EC0-301F-11D3-BF4B-00C04F79EFBC}") = "StorageFileApp.Infrastructure.Tests", "tests\StorageFileApp.Infrastructure.Tests\StorageFileApp.Infrastructure.Tests.csproj", "{5E7555E8-F4CF-4318-A56B-07F9115CFBB0}"
EndProject
Project("{FAE04EC0-301F-11D3-BF4B-00C04F79EFBC}") = "StorageFileApp.Console.Tests", "tests\StorageFileApp.Console.Tests\StorageFileApp.Console.Tests.csproj", "{2CB91636-4AB4-4E5A-81C4-92E2D2466E9A}"
EndProject
Global
	GlobalSection(SolutionConfigurationPlatforms) = preSolution
		Debug|Any CPU = Debug|Any CPU
		Debug|x64 = Debug|x64
		Debug|x86 = Debug|x86
		Release|Any CPU = Release|Any CPU
		Release|x64 = Release|x64
		Release|x86 = Release|x86
	EndGlobalSection
	GlobalSection(ProjectConfigurationPlatforms) = postSolution
			{A1B2C3D4-E5F6-7890-ABCD-EF1234567890}.Debug|Any CPU.ActiveCfg = Debug|Any CPU
	{A1B2C3D4-E5F6-7890-ABCD-EF1234567890}.Debug|Any CPU.Build.0 = Debug|Any CPU
	{A1B2C3D4-E5F6-7890-ABCD-EF1234567890}.Debug|x64.ActiveCfg = Debug|Any CPU
	{A1B2C3D4-E5F6-7890-ABCD-EF1234567890}.Debug|x64.Build.0 = Debug|Any CPU
	{A1B2C3D4-E5F6-7890-ABCD-EF1234567890}.Debug|x86.ActiveCfg = Debug|Any CPU
	{A1B2C3D4-E5F6-7890-ABCD-EF1234567890}.Debug|x86.Build.0 = Debug|Any CPU
	{A1B2C3D4-E5F6-7890-ABCD-EF1234567890}.Release|Any CPU.ActiveCfg = Release|Any CPU
	{A1B2C3D4-E5F6-7890-ABCD-EF1234567890}.Release|Any CPU.Build.0 = Release|Any CPU
	{A1B2C3D4-E5F6-7890-ABCD-EF1234567890}.Release|x64.ActiveCfg = Release|Any CPU
	{A1B2C3D4-E5F6-7890-ABCD-EF1234567890}.Release|x64.Build.0 = Release|Any CPU
	{A1B2C3D4-E5F6-7890-ABCD-EF1234567890}.Release|x86.ActiveCfg = Release|Any CPU
	{A1B2C3D4-E5F6-7890-ABCD-EF1234567890}.Release|x86.Build.0 = Release|Any CPU
	{3F4B504B-9195-4F77-8AAF-B1D4469E32C3}.Debug|Any CPU.ActiveCfg = Debug|Any CPU
	{3F4B504B-9195-4F77-8AAF-B1D4469E32C3}.Debug|Any CPU.Build.0 = Debug|Any CPU
		{3F4B504B-9195-4F77-8AAF-B1D4469E32C3}.Debug|x64.ActiveCfg = Debug|Any CPU
		{3F4B504B-9195-4F77-8AAF-B1D4469E32C3}.Debug|x64.Build.0 = Debug|Any CPU
		{3F4B504B-9195-4F77-8AAF-B1D4469E32C3}.Debug|x86.ActiveCfg = Debug|Any CPU
		{3F4B504B-9195-4F77-8AAF-B1D4469E32C3}.Debug|x86.Build.0 = Debug|Any CPU
		{3F4B504B-9195-4F77-8AAF-B1D4469E32C3}.Release|Any CPU.ActiveCfg = Release|Any CPU
		{3F4B504B-9195-4F77-8AAF-B1D4469E32C3}.Release|Any CPU.Build.0 = Release|Any CPU
		{3F4B504B-9195-4F77-8AAF-B1D4469E32C3}.Release|x64.ActiveCfg = Release|Any CPU
		{3F4B504B-9195-4F77-8AAF-B1D4469E32C3}.Release|x64.Build.0 = Release|Any CPU
		{3F4B504B-9195-4F77-8AAF-B1D4469E32C3}.Release|x86.ActiveCfg = Release|Any CPU
		{3F4B504B-9195-4F77-8AAF-B1D4469E32C3}.Release|x86.Build.0 = Release|Any CPU
		{EB092B41-88DF-4A25-9373-C25A1BF2ED89}.Debug|Any CPU.ActiveCfg = Debug|Any CPU
		{EB092B41-88DF-4A25-9373-C25A1BF2ED89}.Debug|Any CPU.Build.0 = Debug|Any CPU
		{EB092B41-88DF-4A25-9373-C25A1BF2ED89}.Debug|x64.ActiveCfg = Debug|Any CPU
		{EB092B41-88DF-4A25-9373-C25A1BF2ED89}.Debug|x64.Build.0 = Debug|Any CPU
		{EB092B41-88DF-4A25-9373-C25A1BF2ED89}.Debug|x86.ActiveCfg = Debug|Any CPU
		{EB092B41-88DF-4A25-9373-C25A1BF2ED89}.Debug|x86.Build.0 = Debug|Any CPU
		{EB092B41-88DF-4A25-9373-C25A1BF2ED89}.Release|Any CPU.ActiveCfg = Release|Any CPU
		{EB092B41-88DF-4A25-9373-C25A1BF2ED89}.Release|Any CPU.Build.0 = Release|Any CPU
		{EB092B41-88DF-4A25-9373-C25A1BF2ED89}.Release|x64.ActiveCfg = Release|Any CPU
		{EB092B41-88DF-4A25-9373-C25A1BF2ED89}.Release|x64.Build.0 = Release|Any CPU
		{EB092B41-88DF-4A25-9373-C25A1BF2ED89}.Release|x86.ActiveCfg = Release|Any CPU
		{EB092B41-88DF-4A25-9373-C25A1BF2ED89}.Release|x86.Build.0 = Release|Any CPU
		{15CB75F1-616A-43BA-AA2C-33EDFA8EAB49}.Debug|Any CPU.ActiveCfg = Debug|Any CPU
		{15CB75F1-616A-43BA-AA2C-33EDFA8EAB49}.Debug|Any CPU.Build.0 = Debug|Any CPU
		{15CB75F1-616A-43BA-AA2C-33EDFA8EAB49}.Debug|x64.ActiveCfg = Debug|Any CPU
		{15CB75F1-616A-43BA-AA2C-33EDFA8EAB49}.Debug|x64.Build.0 = Debug|Any CPU
		{15CB75F1-616A-43BA-AA2C-33EDFA8EAB49}.Debug|x86.ActiveCfg = Debug|Any CPU
		{15CB75F1-616A-43BA-AA2C-33EDFA8EAB49}.Debug|x86.Build.0 = Debug|Any CPU
		{15CB75F1-616A-43BA-AA2C-33EDFA8EAB49}.Release|Any CPU.ActiveCfg = Release|Any CPU
		{15CB75F1-616A-43BA-AA2C-33EDFA8EAB49}.Release|Any CPU.Build.0 = Release|Any CPU
		{15CB75F1-616A-43BA-AA2C-33EDFA8EAB49}.Release|x64.ActiveCfg = Release|Any CPU
		{15CB75F1-616A-43BA-AA2C-33EDFA8EAB49}.Release|x64.Build.0 = Release|Any CPU
		{15CB75F1-616A-43BA-AA2C-33EDFA8EAB49}.Release|x86.ActiveCfg = Release|Any CPU
		{15CB75F1-616A-43BA-AA2C-33EDFA8EAB49}.Release|x86.Build.0 = Release|Any CPU
		{8417FA52-C446-458E-851A-991EB42154CF}.Debug|Any CPU.ActiveCfg = Debug|Any CPU
		{8417FA52-C446-458E-851A-991EB42154CF}.Debug|Any CPU.Build.0 = Debug|Any CPU
		{8417FA52-C446-458E-851A-991EB42154CF}.Debug|x64.ActiveCfg = Debug|Any CPU
		{8417FA52-C446-458E-851A-991EB42154CF}.Debug|x64.Build.0 = Debug|Any CPU
		{8417FA52-C446-458E-851A-991EB42154CF}.Debug|x86.ActiveCfg = Debug|Any CPU
		{8417FA52-C446-458E-851A-991EB42154CF}.Debug|x86.Build.0 = Debug|Any CPU
		{8417FA52-C446-458E-851A-991EB42154CF}.Release|Any CPU.ActiveCfg = Release|Any CPU
		{8417FA52-C446-458E-851A-991EB42154CF}.Release|Any CPU.Build.0 = Release|Any CPU
		{8417FA52-C446-458E-851A-991EB42154CF}.Release|x64.ActiveCfg = Release|Any CPU
		{8417FA52-C446-458E-851A-991EB42154CF}.Release|x64.Build.0 = Release|Any CPU
		{8417FA52-C446-458E-851A-991EB42154CF}.Release|x86.ActiveCfg = Release|Any CPU
		{8417FA52-C446-458E-851A-991EB42154CF}.Release|x86.Build.0 = Release|Any CPU
		{9545CFD3-AE11-40F4-9AD3-4F3D524EF85B}.Debug|Any CPU.ActiveCfg = Debug|Any CPU
		{9545CFD3-AE11-40F4-9AD3-4F3D524EF85B}.Debug|Any CPU.Build.0 = Debug|Any CPU
		{9545CFD3-AE11-40F4-9AD3-4F3D524EF85B}.Debug|x64.ActiveCfg = Debug|Any CPU
		{9545CFD3-AE11-40F4-9AD3-4F3D524EF85B}.Debug|x64.Build.0 = Debug|Any CPU
		{9545CFD3-AE11-40F4-9AD3-4F3D524EF85B}.Debug|x86.ActiveCfg = Debug|Any CPU
		{9545CFD3-AE11-40F4-9AD3-4F3D524EF85B}.Debug|x86.Build.0 = Debug|Any CPU
		{9545CFD3-AE11-40F4-9AD3-4F3D524EF85B}.Release|Any CPU.ActiveCfg = Release|Any CPU
		{9545CFD3-AE11-40F4-9AD3-4F3D524EF85B}.Release|Any CPU.Build.0 = Release|Any CPU
		{9545CFD3-AE11-40F4-9AD3-4F3D524EF85B}.Release|x64.ActiveCfg = Release|Any CPU
		{9545CFD3-AE11-40F4-9AD3-4F3D524EF85B}.Release|x64.Build.0 = Release|Any CPU
		{9545CFD3-AE11-40F4-9AD3-4F3D524EF85B}.Release|x86.ActiveCfg = Release|Any CPU
		{9545CFD3-AE11-40F4-9AD3-4F3D524EF85B}.Release|x86.Build.0 = Release|Any CPU
		{CBD8C2D2-5886-4D49-8D99-57BEA74EED68}.Debug|Any CPU.ActiveCfg = Debug|Any CPU
		{CBD8C2D2-5886-4D49-8D99-57BEA74EED68}.Debug|Any CPU.Build.0 = Debug|Any CPU
		{CBD8C2D2-5886-4D49-8D99-57BEA74EED68}.Debug|x64.ActiveCfg = Debug|Any CPU
		{CBD8C2D2-5886-4D49-8D99-57BEA74EED68}.Debug|x64.Build.0 = Debug|Any CPU
		{CBD8C2D2-5886-4D49-8D99-57BEA74EED68}.Debug|x86.ActiveCfg = Debug|Any CPU
		{CBD8C2D2-5886-4D49-8D99-57BEA74EED68}.Debug|x86.Build.0 = Debug|Any CPU
		{CBD8C2D2-5886-4D49-8D99-57BEA74EED68}.Release|Any CPU.ActiveCfg = Release|Any CPU
		{CBD8C2D2-5886-4D49-8D99-57BEA74EED68}.Release|Any CPU.Build.0 = Release|Any CPU
		{CBD8C2D2-5886-4D49-8D99-57BEA74EED68}.Release|x64.ActiveCfg = Release|Any CPU
		{CBD8C2D2-5886-4D49-8D99-57BEA74EED68}.Release|x64.Build.0 = Release|Any CPU
		{CBD8C2D2-5886-4D49-8D99-57BEA74EED68}.Release|x86.ActiveCfg = Release|Any CPU
		{CBD8C2D2-5886-4D49-8D99-57BEA74EED68}.Release|x86.Build.0 = Release|Any CPU
		{5E7555E8-F4CF-4318-A56B-07F9115CFBB0}.Debug|Any CPU.ActiveCfg = Debug|Any CPU
		{5E7555E8-F4CF-4318-A56B-07F9115CFBB0}.Debug|Any CPU.Build.0 = Debug|Any CPU
		{5E7555E8-F4CF-4318-A56B-07F9115CFBB0}.Debug|x64.ActiveCfg = Debug|Any CPU
		{5E7555E8-F4CF-4318-A56B-07F9115CFBB0}.Debug|x64.Build.0 = Debug|Any CPU
		{5E7555E8-F4CF-4318-A56B-07F9115CFBB0}.Debug|x86.ActiveCfg = Debug|Any CPU
		{5E7555E8-F4CF-4318-A56B-07F9115CFBB0}.Debug|x86.Build.0 = Debug|Any CPU
		{5E7555E8-F4CF-4318-A56B-07F9115CFBB0}.Release|Any CPU.ActiveCfg = Release|Any CPU
		{5E7555E8-F4CF-4318-A56B-07F9115CFBB0}.Release|Any CPU.Build.0 = Release|Any CPU
		{5E7555E8-F4CF-4318-A56B-07F9115CFBB0}.Release|x64.ActiveCfg = Release|Any CPU
		{5E7555E8-F4CF-4318-A56B-07F9115CFBB0}.Release|x64.Build.0 = Release|Any CPU
		{5E7555E8-F4CF-4318-A56B-07F9115CFBB0}.Release|x86.ActiveCfg = Release|Any CPU
		{5E7555E8-F4CF-4318-A56B-07F9115CFBB0}.Release|x86.Build.0 = Release|Any CPU
		{2CB91636-4AB4-4E5A-81C4-92E2D2466E9A}.Debug|Any CPU.ActiveCfg = Debug|Any CPU
		{2CB91636-4AB4-4E5A-81C4-92E2D2466E9A}.Debug|Any CPU.Build.0 = Debug|Any CPU
		{2CB91636-4AB4-4E5A-81C4-92E2D2466E9A}.Debug|x64.ActiveCfg = Debug|Any CPU
		{2CB91636-4AB4-4E5A-81C4-92E2D2466E9A}.Debug|x64.Build.0 = Debug|Any CPU
		{2CB91636-4AB4-4E5A-81C4-92E2D2466E9A}.Debug|x86.ActiveCfg = Debug|Any CPU
		{2CB91636-4AB4-4E5A-81C4-92E2D2466E9A}.Debug|x86.Build.0 = Debug|Any CPU
		{2CB91636-4AB4-4E5A-81C4-92E2D2466E9A}.Release|Any CPU.ActiveCfg = Release|Any CPU
		{2CB91636-4AB4-4E5A-81C4-92E2D2466E9A}.Release|Any CPU.Build.0 = Release|Any CPU
		{2CB91636-4AB4-4E5A-81C4-92E2D2466E9A}.Release|x64.ActiveCfg = Release|Any CPU
		{2CB91636-4AB4-4E5A-81C4-92E2D2466E9A}.Release|x64.Build.0 = Release|Any CPU
		{2CB91636-4AB4-4E5A-81C4-92E2D2466E9A}.Release|x86.ActiveCfg = Release|Any CPU
		{2CB91636-4AB4-4E5A-81C4-92E2D2466E9A}.Release|x86.Build.0 = Release|Any CPU
	EndGlobalSection
	GlobalSection(SolutionProperties) = preSolution
		HideSolutionNode = FALSE
	EndGlobalSection
	GlobalSection(NestedProjects) = preSolution
		{A1B2C3D4-E5F6-7890-ABCD-EF1234567890} = {827E0CD3-B72D-47B6-A68D-7590B98EB39B}
		{3F4B504B-9195-4F77-8AAF-B1D4469E32C3} = {827E0CD3-B72D-47B6-A68D-7590B98EB39B}
		{EB092B41-88DF-4A25-9373-C25A1BF2ED89} = {827E0CD3-B72D-47B6-A68D-7590B98EB39B}
		{15CB75F1-616A-43BA-AA2C-33EDFA8EAB49} = {827E0CD3-B72D-47B6-A68D-7590B98EB39B}
		{8417FA52-C446-458E-851A-991EB42154CF} = {827E0CD3-B72D-47B6-A68D-7590B98EB39B}
		{9545CFD3-AE11-40F4-9AD3-4F3D524EF85B} = {0AB3BF05-4346-4AA6-1389-037BE0695223}
		{CBD8C2D2-5886-4D49-8D99-57BEA74EED68} = {0AB3BF05-4346-4AA6-1389-037BE0695223}
		{5E7555E8-F4CF-4318-A56B-07F9115CFBB0} = {0AB3BF05-4346-4AA6-1389-037BE0695223}
		{2CB91636-4AB4-4E5A-81C4-92E2D2466E9A} = {0AB3BF05-4346-4AA6-1389-037BE0695223}
	EndGlobalSection
EndGlobal
